
Microsoft Visual Studio Solution File, Format Version 12.00
Project("{FAE04EC0-301F-11D3-BF4B-00C04F79EFBC}") = "Challenges", "Challenges\Challenges.csproj", "{BC4B0AA8-2EE8-45A0-8229-6C4682C00C1E}"
EndProject
Project("{FAE04EC0-301F-11D3-BF4B-00C04F79EFBC}") = "Challenges.Test", "Challenges.Test\Challenges.Test.csproj", "{57EC7723-266F-4EAB-974D-4D069C4769BA}"
EndProject
Global
	GlobalSection(SolutionConfigurationPlatforms) = preSolution
		Debug|Any CPU = Debug|Any CPU
		Release|Any CPU = Release|Any CPU
	EndGlobalSection
	GlobalSection(ProjectConfigurationPlatforms) = postSolution
		{BC4B0AA8-2EE8-45A0-8229-6C4682C00C1E}.Debug|Any CPU.ActiveCfg = Debug|Any CPU
		{BC4B0AA8-2EE8-45A0-8229-6C4682C00C1E}.Debug|Any CPU.Build.0 = Debug|Any CPU
		{BC4B0AA8-2EE8-45A0-8229-6C4682C00C1E}.Release|Any CPU.ActiveCfg = Release|Any CPU
		{BC4B0AA8-2EE8-45A0-8229-6C4682C00C1E}.Release|Any CPU.Build.0 = Release|Any CPU
		{57EC7723-266F-4EAB-974D-4D069C4769BA}.Debug|Any CPU.ActiveCfg = Debug|Any CPU
		{57EC7723-266F-4EAB-974D-4D069C4769BA}.Debug|Any CPU.Build.0 = Debug|Any CPU
		{57EC7723-266F-4EAB-974D-4D069C4769BA}.Release|Any CPU.ActiveCfg = Release|Any CPU
		{57EC7723-266F-4EAB-974D-4D069C4769BA}.Release|Any CPU.Build.0 = Release|Any CPU
	EndGlobalSection
EndGlobal
